
Microsoft Visual Studio Solution File, Format Version 12.00
# Visual Studio Version 17
VisualStudioVersion = 17.2.32526.322
MinimumVisualStudioVersion = 10.0.40219.1
Project("{9A19103F-16F7-4668-BE54-9A1E7A4F7556}") = "Extranet", "Extranet\Extranet.csproj", "{961D6456-CE6D-4B95-B263-32A45F48AA3E}"
EndProject
Project("{9A19103F-16F7-4668-BE54-9A1E7A4F7556}") = "Intranet", "Intranet\Intranet.csproj", "{6A1F3CD3-8197-4D8F-AFDE-60E5EEB60BE3}"
EndProject
Project("{9A19103F-16F7-4668-BE54-9A1E7A4F7556}") = "Data", "Data\Data.csproj", "{BF0D81D8-E06F-443A-9C35-A448A1A94029}"
EndProject
Global
	GlobalSection(SolutionConfigurationPlatforms) = preSolution
		Debug|Any CPU = Debug|Any CPU
		Release|Any CPU = Release|Any CPU
	EndGlobalSection
	GlobalSection(ProjectConfigurationPlatforms) = postSolution
		{961D6456-CE6D-4B95-B263-32A45F48AA3E}.Debug|Any CPU.ActiveCfg = Debug|Any CPU
		{961D6456-CE6D-4B95-B263-32A45F48AA3E}.Debug|Any CPU.Build.0 = Debug|Any CPU
		{961D6456-CE6D-4B95-B263-32A45F48AA3E}.Release|Any CPU.ActiveCfg = Release|Any CPU
		{961D6456-CE6D-4B95-B263-32A45F48AA3E}.Release|Any CPU.Build.0 = Release|Any CPU
		{6A1F3CD3-8197-4D8F-AFDE-60E5EEB60BE3}.Debug|Any CPU.ActiveCfg = Debug|Any CPU
		{6A1F3CD3-8197-4D8F-AFDE-60E5EEB60BE3}.Debug|Any CPU.Build.0 = Debug|Any CPU
		{6A1F3CD3-8197-4D8F-AFDE-60E5EEB60BE3}.Release|Any CPU.ActiveCfg = Release|Any CPU
		{6A1F3CD3-8197-4D8F-AFDE-60E5EEB60BE3}.Release|Any CPU.Build.0 = Release|Any CPU
		{BF0D81D8-E06F-443A-9C35-A448A1A94029}.Debug|Any CPU.ActiveCfg = Debug|Any CPU
		{BF0D81D8-E06F-443A-9C35-A448A1A94029}.Debug|Any CPU.Build.0 = Debug|Any CPU
		{BF0D81D8-E06F-443A-9C35-A448A1A94029}.Release|Any CPU.ActiveCfg = Release|Any CPU
		{BF0D81D8-E06F-443A-9C35-A448A1A94029}.Release|Any CPU.Build.0 = Release|Any CPU
	EndGlobalSection
	GlobalSection(SolutionProperties) = preSolution
		HideSolutionNode = FALSE
	EndGlobalSection
	GlobalSection(ExtensibilityGlobals) = postSolution
		SolutionGuid = {3CA1A256-07DD-4EEF-AFD7-E2821664C96F}
	EndGlobalSection
EndGlobal
